// !$*UTF8*$!
{
	archiveVersion = 1;
	classes = {
	};
	objectVersion = 46;
	objects = {

/* Begin PBXBuildFile section */
		575380041AE48E910006FAB8 /* AppDelegate.swift in Sources */ = {isa = PBXBuildFile; fileRef = 575380031AE48E910006FAB8 /* AppDelegate.swift */; };
		575380061AE48E910006FAB8 /* ViewController.swift in Sources */ = {isa = PBXBuildFile; fileRef = 575380051AE48E910006FAB8 /* ViewController.swift */; };
		575380091AE48E910006FAB8 /* Main.storyboard in Resources */ = {isa = PBXBuildFile; fileRef = 575380071AE48E910006FAB8 /* Main.storyboard */; };
		5753800B1AE48E910006FAB8 /* Images.xcassets in Resources */ = {isa = PBXBuildFile; fileRef = 5753800A1AE48E910006FAB8 /* Images.xcassets */; };
		5753800E1AE48E910006FAB8 /* LaunchScreen.xib in Resources */ = {isa = PBXBuildFile; fileRef = 5753800C1AE48E910006FAB8 /* LaunchScreen.xib */; };
		5753801A1AE48E910006FAB8 /* SlotMachineTests.swift in Sources */ = {isa = PBXBuildFile; fileRef = 575380191AE48E910006FAB8 /* SlotMachineTests.swift */; };
		575380241AEA4BBD0006FAB8 /* Slot.swift in Sources */ = {isa = PBXBuildFile; fileRef = 575380231AEA4BBD0006FAB8 /* Slot.swift */; };
		575380261AEA51C60006FAB8 /* Factory.swift in Sources */ = {isa = PBXBuildFile; fileRef = 575380251AEA51C60006FAB8 /* Factory.swift */; };
		576175E71AED7F88008B34B2 /* SlotBrain.swift in Sources */ = {isa = PBXBuildFile; fileRef = 576175E61AED7F88008B34B2 /* SlotBrain.swift */; };
/* End PBXBuildFile section */

/* Begin PBXContainerItemProxy section */
		575380141AE48E910006FAB8 /* PBXContainerItemProxy */ = {
			isa = PBXContainerItemProxy;
			containerPortal = 57537FF61AE48E910006FAB8 /* Project object */;
			proxyType = 1;
			remoteGlobalIDString = 57537FFD1AE48E910006FAB8;
			remoteInfo = SlotMachine;
		};
/* End PBXContainerItemProxy section */

/* Begin PBXFileReference section */
		57537FFE1AE48E910006FAB8 /* SlotMachine.app */ = {isa = PBXFileReference; explicitFileType = wrapper.application; includeInIndex = 0; path = SlotMachine.app; sourceTree = BUILT_PRODUCTS_DIR; };
		575380021AE48E910006FAB8 /* Info.plist */ = {isa = PBXFileReference; lastKnownFileType = text.plist.xml; path = Info.plist; sourceTree = "<group>"; };
		575380031AE48E910006FAB8 /* AppDelegate.swift */ = {isa = PBXFileReference; lastKnownFileType = sourcecode.swift; path = AppDelegate.swift; sourceTree = "<group>"; };
		575380051AE48E910006FAB8 /* ViewController.swift */ = {isa = PBXFileReference; lastKnownFileType = sourcecode.swift; path = ViewController.swift; sourceTree = "<group>"; };
		575380081AE48E910006FAB8 /* Base */ = {isa = PBXFileReference; lastKnownFileType = file.storyboard; name = Base; path = Base.lproj/Main.storyboard; sourceTree = "<group>"; };
		5753800A1AE48E910006FAB8 /* Images.xcassets */ = {isa = PBXFileReference; lastKnownFileType = folder.assetcatalog; path = Images.xcassets; sourceTree = "<group>"; };
		5753800D1AE48E910006FAB8 /* Base */ = {isa = PBXFileReference; lastKnownFileType = file.xib; name = Base; path = Base.lproj/LaunchScreen.xib; sourceTree = "<group>"; };
		575380131AE48E910006FAB8 /* SlotMachineTests.xctest */ = {isa = PBXFileReference; explicitFileType = wrapper.cfbundle; includeInIndex = 0; path = SlotMachineTests.xctest; sourceTree = BUILT_PRODUCTS_DIR; };
		575380181AE48E910006FAB8 /* Info.plist */ = {isa = PBXFileReference; lastKnownFileType = text.plist.xml; path = Info.plist; sourceTree = "<group>"; };
		575380191AE48E910006FAB8 /* SlotMachineTests.swift */ = {isa = PBXFileReference; lastKnownFileType = sourcecode.swift; path = SlotMachineTests.swift; sourceTree = "<group>"; };
		575380231AEA4BBD0006FAB8 /* Slot.swift */ = {isa = PBXFileReference; fileEncoding = 4; lastKnownFileType = sourcecode.swift; path = Slot.swift; sourceTree = "<group>"; };
		575380251AEA51C60006FAB8 /* Factory.swift */ = {isa = PBXFileReference; fileEncoding = 4; lastKnownFileType = sourcecode.swift; path = Factory.swift; sourceTree = "<group>"; };
		576175E61AED7F88008B34B2 /* SlotBrain.swift */ = {isa = PBXFileReference; fileEncoding = 4; lastKnownFileType = sourcecode.swift; path = SlotBrain.swift; sourceTree = "<group>"; };
/* End PBXFileReference section */

/* Begin PBXFrameworksBuildPhase section */
		57537FFB1AE48E910006FAB8 /* Frameworks */ = {
			isa = PBXFrameworksBuildPhase;
			buildActionMask = 2147483647;
			files = (
			);
			runOnlyForDeploymentPostprocessing = 0;
		};
		575380101AE48E910006FAB8 /* Frameworks */ = {
			isa = PBXFrameworksBuildPhase;
			buildActionMask = 2147483647;
			files = (
			);
			runOnlyForDeploymentPostprocessing = 0;
		};
/* End PBXFrameworksBuildPhase section */

/* Begin PBXGroup section */
		57537FF51AE48E910006FAB8 = {
			isa = PBXGroup;
			children = (
				575380001AE48E910006FAB8 /* SlotMachine */,
				575380161AE48E910006FAB8 /* SlotMachineTests */,
				57537FFF1AE48E910006FAB8 /* Products */,
			);
			sourceTree = "<group>";
		};
		57537FFF1AE48E910006FAB8 /* Products */ = {
			isa = PBXGroup;
			children = (
				57537FFE1AE48E910006FAB8 /* SlotMachine.app */,
				575380131AE48E910006FAB8 /* SlotMachineTests.xctest */,
			);
			name = Products;
			sourceTree = "<group>";
		};
		575380001AE48E910006FAB8 /* SlotMachine */ = {
			isa = PBXGroup;
			children = (
				575380051AE48E910006FAB8 /* ViewController.swift */,
				576175E61AED7F88008B34B2 /* SlotBrain.swift */,
				575380251AEA51C60006FAB8 /* Factory.swift */,
				575380231AEA4BBD0006FAB8 /* Slot.swift */,
				575380071AE48E910006FAB8 /* Main.storyboard */,
				575380011AE48E910006FAB8 /* Supporting Files */,
			);
			path = SlotMachine;
			sourceTree = "<group>";
		};
		575380011AE48E910006FAB8 /* Supporting Files */ = {
			isa = PBXGroup;
			children = (
				5753800C1AE48E910006FAB8 /* LaunchScreen.xib */,
				5753800A1AE48E910006FAB8 /* Images.xcassets */,
				575380031AE48E910006FAB8 /* AppDelegate.swift */,
				575380021AE48E910006FAB8 /* Info.plist */,
			);
			name = "Supporting Files";
			sourceTree = "<group>";
		};
		575380161AE48E910006FAB8 /* SlotMachineTests */ = {
			isa = PBXGroup;
			children = (
				575380191AE48E910006FAB8 /* SlotMachineTests.swift */,
				575380171AE48E910006FAB8 /* Supporting Files */,
			);
			path = SlotMachineTests;
			sourceTree = "<group>";
		};
		575380171AE48E910006FAB8 /* Supporting Files */ = {
			isa = PBXGroup;
			children = (
				575380181AE48E910006FAB8 /* Info.plist */,
			);
			name = "Supporting Files";
			sourceTree = "<group>";
		};
/* End PBXGroup section */

/* Begin PBXNativeTarget section */
		57537FFD1AE48E910006FAB8 /* SlotMachine */ = {
			isa = PBXNativeTarget;
			buildConfigurationList = 5753801D1AE48E910006FAB8 /* Build configuration list for PBXNativeTarget "SlotMachine" */;
			buildPhases = (
				57537FFA1AE48E910006FAB8 /* Sources */,
				57537FFB1AE48E910006FAB8 /* Frameworks */,
				57537FFC1AE48E910006FAB8 /* Resources */,
			);
			buildRules = (
			);
			dependencies = (
			);
			name = SlotMachine;
			productName = SlotMachine;
			productReference = 57537FFE1AE48E910006FAB8 /* SlotMachine.app */;
			productType = "com.apple.product-type.application";
		};
		575380121AE48E910006FAB8 /* SlotMachineTests */ = {
			isa = PBXNativeTarget;
			buildConfigurationList = 575380201AE48E910006FAB8 /* Build configuration list for PBXNativeTarget "SlotMachineTests" */;
			buildPhases = (
				5753800F1AE48E910006FAB8 /* Sources */,
				575380101AE48E910006FAB8 /* Frameworks */,
				575380111AE48E910006FAB8 /* Resources */,
			);
			buildRules = (
			);
			dependencies = (
				575380151AE48E910006FAB8 /* PBXTargetDependency */,
			);
			name = SlotMachineTests;
			productName = SlotMachineTests;
			productReference = 575380131AE48E910006FAB8 /* SlotMachineTests.xctest */;
			productType = "com.apple.product-type.bundle.unit-test";
		};
/* End PBXNativeTarget section */

/* Begin PBXProject section */
		57537FF61AE48E910006FAB8 /* Project object */ = {
			isa = PBXProject;
			attributes = {
				LastUpgradeCheck = 0620;
				ORGANIZATIONNAME = "Alex Paul";
				TargetAttributes = {
					57537FFD1AE48E910006FAB8 = {
						CreatedOnToolsVersion = 6.2;
					};
					575380121AE48E910006FAB8 = {
						CreatedOnToolsVersion = 6.2;
						TestTargetID = 57537FFD1AE48E910006FAB8;
					};
				};
			};
			buildConfigurationList = 57537FF91AE48E910006FAB8 /* Build configuration list for PBXProject "SlotMachine" */;
			compatibilityVersion = "Xcode 3.2";
			developmentRegion = English;
			hasScannedForEncodings = 0;
			knownRegions = (
				en,
				Base,
			);
			mainGroup = 57537FF51AE48E910006FAB8;
			productRefGroup = 57537FFF1AE48E910006FAB8 /* Products */;
			projectDirPath = "";
			projectRoot = "";
			targets = (
				57537FFD1AE48E910006FAB8 /* SlotMachine */,
				575380121AE48E910006FAB8 /* SlotMachineTests */,
			);
		};
/* End PBXProject section */

/* Begin PBXResourcesBuildPhase section */
		57537FFC1AE48E910006FAB8 /* Resources */ = {
			isa = PBXResourcesBuildPhase;
			buildActionMask = 2147483647;
			files = (
				575380091AE48E910006FAB8 /* Main.storyboard in Resources */,
				5753800E1AE48E910006FAB8 /* LaunchScreen.xib in Resources */,
				5753800B1AE48E910006FAB8 /* Images.xcassets in Resources */,
			);
			runOnlyForDeploymentPostprocessing = 0;
		};
		575380111AE48E910006FAB8 /* Resources */ = {
			isa = PBXResourcesBuildPhase;
			buildActionMask = 2147483647;
			files = (
			);
			runOnlyForDeploymentPostprocessing = 0;
		};
/* End PBXResourcesBuildPhase section */

/* Begin PBXSourcesBuildPhase section */
		57537FFA1AE48E910006FAB8 /* Sources */ = {
			isa = PBXSourcesBuildPhase;
			buildActionMask = 2147483647;
			files = (
				575380261AEA51C60006FAB8 /* Factory.swift in Sources */,
				575380061AE48E910006FAB8 /* ViewController.swift in Sources */,
				575380241AEA4BBD0006FAB8 /* Slot.swift in Sources */,
				575380041AE48E910006FAB8 /* AppDelegate.swift in Sources */,
				576175E71AED7F88008B34B2 /* SlotBrain.swift in Sources */,
			);
			runOnlyForDeploymentPostprocessing = 0;
		};
		5753800F1AE48E910006FAB8 /* Sources */ = {
			isa = PBXSourcesBuildPhase;
			buildActionMask = 2147483647;
			files = (
				5753801A1AE48E910006FAB8 /* SlotMachineTests.swift in Sources */,
			);
			runOnlyForDeploymentPostprocessing = 0;
		};
/* End PBXSourcesBuildPhase section */

/* Begin PBXTargetDependency section */
		575380151AE48E910006FAB8 /* PBXTargetDependency */ = {
			isa = PBXTargetDependency;
			target = 57537FFD1AE48E910006FAB8 /* SlotMachine */;
			targetProxy = 575380141AE48E910006FAB8 /* PBXContainerItemProxy */;
		};
/* End PBXTargetDependency section */

/* Begin PBXVariantGroup section */
		575380071AE48E910006FAB8 /* Main.storyboard */ = {
			isa = PBXVariantGroup;
			children = (
				575380081AE48E910006FAB8 /* Base */,
			);
			name = Main.storyboard;
			sourceTree = "<group>";
		};
		5753800C1AE48E910006FAB8 /* LaunchScreen.xib */ = {
			isa = PBXVariantGroup;
			children = (
				5753800D1AE48E910006FAB8 /* Base */,
			);
			name = LaunchScreen.xib;
			sourceTree = "<group>";
		};
/* End PBXVariantGroup section */

/* Begin XCBuildConfiguration section */
		5753801B1AE48E910006FAB8 /* Debug */ = {
			isa = XCBuildConfiguration;
			buildSettings = {
				ALWAYS_SEARCH_USER_PATHS = NO;
				CLANG_CXX_LANGUAGE_STANDARD = "gnu++0x";
				CLANG_CXX_LIBRARY = "libc++";
				CLANG_ENABLE_MODULES = YES;
				CLANG_ENABLE_OBJC_ARC = YES;
				CLANG_WARN_BOOL_CONVERSION = YES;
				CLANG_WARN_CONSTANT_CONVERSION = YES;
				CLANG_WARN_DIRECT_OBJC_ISA_USAGE = YES_ERROR;
				CLANG_WARN_EMPTY_BODY = YES;
				CLANG_WARN_ENUM_CONVERSION = YES;
				CLANG_WARN_INT_CONVERSION = YES;
				CLANG_WARN_OBJC_ROOT_CLASS = YES_ERROR;
				CLANG_WARN_UNREACHABLE_CODE = YES;
				CLANG_WARN__DUPLICATE_METHOD_MATCH = YES;
				"CODE_SIGN_IDENTITY[sdk=iphoneos*]" = "iPhone Developer";
				COPY_PHASE_STRIP = NO;
				ENABLE_STRICT_OBJC_MSGSEND = YES;
				GCC_C_LANGUAGE_STANDARD = gnu99;
				GCC_DYNAMIC_NO_PIC = NO;
				GCC_OPTIMIZATION_LEVEL = 0;
				GCC_PREPROCESSOR_DEFINITIONS = (
					"DEBUG=1",
					"$(inherited)",
				);
				GCC_SYMBOLS_PRIVATE_EXTERN = NO;
				GCC_WARN_64_TO_32_BIT_CONVERSION = YES;
				GCC_WARN_ABOUT_RETURN_TYPE = YES_ERROR;
				GCC_WARN_UNDECLARED_SELECTOR = YES;
				GCC_WARN_UNINITIALIZED_AUTOS = YES_AGGRESSIVE;
				GCC_WARN_UNUSED_FUNCTION = YES;
				GCC_WARN_UNUSED_VARIABLE = YES;
				IPHONEOS_DEPLOYMENT_TARGET = 8.2;
				MTL_ENABLE_DEBUG_INFO = YES;
				ONLY_ACTIVE_ARCH = YES;
				SDKROOT = iphoneos;
				SWIFT_OPTIMIZATION_LEVEL = "-Onone";
				TARGETED_DEVICE_FAMILY = "1,2";
			};
			name = Debug;
		};
		5753801C1AE48E910006FAB8 /* Release */ = {
			isa = XCBuildConfiguration;
			buildSettings = {
				ALWAYS_SEARCH_USER_PATHS = NO;
				CLANG_CXX_LANGUAGE_STANDARD = "gnu++0x";
				CLANG_CXX_LIBRARY = "libc++";
				CLANG_ENABLE_MODULES = YES;
				CLANG_ENABLE_OBJC_ARC = YES;
				CLANG_WARN_BOOL_CONVERSION = YES;
				CLANG_WARN_CONSTANT_CONVERSION = YES;
				CLANG_WARN_DIRECT_OBJC_ISA_USAGE = YES_ERROR;
				CLANG_WARN_EMPTY_BODY = YES;
				CLANG_WARN_ENUM_CONVERSION = YES;
				CLANG_WARN_INT_CONVERSION = YES;
				CLANG_WARN_OBJC_ROOT_CLASS = YES_ERROR;
				CLANG_WARN_UNREACHABLE_CODE = YES;
				CLANG_WARN__DUPLICATE_METHOD_MATCH = YES;
				"CODE_SIGN_IDENTITY[sdk=iphoneos*]" = "iPhone Developer";
				COPY_PHASE_STRIP = NO;
				ENABLE_NS_ASSERTIONS = NO;
				ENABLE_STRICT_OBJC_MSGSEND = YES;
				GCC_C_LANGUAGE_STANDARD = gnu99;
				GCC_WARN_64_TO_32_BIT_CONVERSION = YES;
				GCC_WARN_ABOUT_RETURN_TYPE = YES_ERROR;
				GCC_WARN_UNDECLARED_SELECTOR = YES;
				GCC_WARN_UNINITIALIZED_AUTOS = YES_AGGRESSIVE;
				GCC_WARN_UNUSED_FUNCTION = YES;
				GCC_WARN_UNUSED_VARIABLE = YES;
				IPHONEOS_DEPLOYMENT_TARGET = 8.2;
				MTL_ENABLE_DEBUG_INFO = NO;
				SDKROOT = iphoneos;
				TARGETED_DEVICE_FAMILY = "1,2";
				VALIDATE_PRODUCT = YES;
			};
			name = Release;
		};
		5753801E1AE48E910006FAB8 /* Debug */ = {
			isa = XCBuildConfiguration;
			buildSettings = {
				ASSETCATALOG_COMPILER_APPICON_NAME = AppIcon;
				INFOPLIST_FILE = SlotMachine/Info.plist;
				LD_RUNPATH_SEARCH_PATHS = "$(inherited) @executable_path/Frameworks";
				PRODUCT_NAME = "$(TARGET_NAME)";
			};
			name = Debug;
		};
		5753801F1AE48E910006FAB8 /* Release */ = {
			isa = XCBuildConfiguration;
			buildSettings = {
				ASSETCATALOG_COMPILER_APPICON_NAME = AppIcon;
				INFOPLIST_FILE = SlotMachine/Info.plist;
				LD_RUNPATH_SEARCH_PATHS = "$(inherited) @executable_path/Frameworks";
				PRODUCT_NAME = "$(TARGET_NAME)";
			};
			name = Release;
		};
		575380211AE48E910006FAB8 /* Debug */ = {
			isa = XCBuildConfiguration;
			buildSettings = {
				BUNDLE_LOADER = "$(TEST_HOST)";
				FRAMEWORK_SEARCH_PATHS = (
					"$(SDKROOT)/Developer/Library/Frameworks",
					"$(inherited)",
				);
				GCC_PREPROCESSOR_DEFINITIONS = (
					"DEBUG=1",
					"$(inherited)",
				);
				INFOPLIST_FILE = SlotMachineTests/Info.plist;
				LD_RUNPATH_SEARCH_PATHS = "$(inherited) @executable_path/Frameworks @loader_path/Frameworks";
				PRODUCT_NAME = "$(TARGET_NAME)";
				TEST_HOST = "$(BUILT_PRODUCTS_DIR)/SlotMachine.app/SlotMachine";
			};
			name = Debug;
		};
		575380221AE48E910006FAB8 /* Release */ = {
			isa = XCBuildConfiguration;
			buildSettings = {
				BUNDLE_LOADER = "$(TEST_HOST)";
				FRAMEWORK_SEARCH_PATHS = (
					"$(SDKROOT)/Developer/Library/Frameworks",
					"$(inherited)",
				);
				INFOPLIST_FILE = SlotMachineTests/Info.plist;
				LD_RUNPATH_SEARCH_PATHS = "$(inherited) @executable_path/Frameworks @loader_path/Frameworks";
				PRODUCT_NAME = "$(TARGET_NAME)";
				TEST_HOST = "$(BUILT_PRODUCTS_DIR)/SlotMachine.app/SlotMachine";
			};
			name = Release;
		};
/* End XCBuildConfiguration section */

/* Begin XCConfigurationList section */
		57537FF91AE48E910006FAB8 /* Build configuration list for PBXProject "SlotMachine" */ = {
			isa = XCConfigurationList;
			buildConfigurations = (
				5753801B1AE48E910006FAB8 /* Debug */,
				5753801C1AE48E910006FAB8 /* Release */,
			);
			defaultConfigurationIsVisible = 0;
			defaultConfigurationName = Release;
		};
		5753801D1AE48E910006FAB8 /* Build configuration list for PBXNativeTarget "SlotMachine" */ = {
			isa = XCConfigurationList;
			buildConfigurations = (
				5753801E1AE48E910006FAB8 /* Debug */,
				5753801F1AE48E910006FAB8 /* Release */,
			);
			defaultConfigurationIsVisible = 0;
			defaultConfigurationName = Release;
		};
		575380201AE48E910006FAB8 /* Build configuration list for PBXNativeTarget "SlotMachineTests" */ = {
			isa = XCConfigurationList;
			buildConfigurations = (
				575380211AE48E910006FAB8 /* Debug */,
				575380221AE48E910006FAB8 /* Release */,
			);
			defaultConfigurationIsVisible = 0;
			defaultConfigurationName = Release;
		};
/* End XCConfigurationList section */
	};
	rootObject = 57537FF61AE48E910006FAB8 /* Project object */;
}
